<?xml version="1.0" encoding="UTF-8"?>
<!DOCTYPE plist PUBLIC "-//Apple//DTD PLIST 1.0//EN" "http://www.apple.com/DTDs/PropertyList-1.0.dtd">
<plist version="1.0">
<dict>
	<key>archiveVersion</key>
	<string>1</string>
	<key>classes</key>
	<dict/>
	<key>objectVersion</key>
	<string>46</string>
	<key>objects</key>
	<dict>
		<key>08B504CC5D6BBD14EFBA927D</key>
		<dict>
			<key>includeInIndex</key>
			<string>1</string>
			<key>isa</key>
			<string>PBXFileReference</string>
			<key>lastKnownFileType</key>
			<string>text.xcconfig</string>
			<key>name</key>
			<string>Pods-ParseDataViz-iOSTests.debug.xcconfig</string>
			<key>path</key>
			<string>Pods/Target Support Files/Pods-ParseDataViz-iOSTests/Pods-ParseDataViz-iOSTests.debug.xcconfig</string>
			<key>sourceTree</key>
			<string>&lt;group&gt;</string>
		</dict>
		<key>53DAC6218FFF43B6CBD4A068</key>
		<dict>
			<key>explicitFileType</key>
			<string>archive.ar</string>
			<key>includeInIndex</key>
			<string>0</string>
			<key>isa</key>
			<string>PBXFileReference</string>
			<key>path</key>
			<string>libPods-ParseDataViz-iOSTests.a</string>
			<key>sourceTree</key>
			<string>BUILT_PRODUCTS_DIR</string>
		</dict>
		<key>6B0B4E0393FFFC7663563FE2</key>
		<dict>
			<key>includeInIndex</key>
			<string>1</string>
			<key>isa</key>
			<string>PBXFileReference</string>
			<key>lastKnownFileType</key>
			<string>text.xcconfig</string>
			<key>name</key>
			<string>Pods-ParseDataViz-iOS.debug.xcconfig</string>
			<key>path</key>
			<string>Pods/Target Support Files/Pods-ParseDataViz-iOS/Pods-ParseDataViz-iOS.debug.xcconfig</string>
			<key>sourceTree</key>
			<string>&lt;group&gt;</string>
		</dict>
		<key>9462A16BCD67119389AC54F2</key>
		<dict>
			<key>fileRef</key>
			<string>53DAC6218FFF43B6CBD4A068</string>
			<key>isa</key>
			<string>PBXBuildFile</string>
		</dict>
		<key>9675B02266F44505FD2E998E</key>
		<dict>
			<key>includeInIndex</key>
			<string>1</string>
			<key>isa</key>
			<string>PBXFileReference</string>
			<key>lastKnownFileType</key>
			<string>text.xcconfig</string>
			<key>name</key>
			<string>Pods-ParseDataViz-iOS.release.xcconfig</string>
			<key>path</key>
			<string>Pods/Target Support Files/Pods-ParseDataViz-iOS/Pods-ParseDataViz-iOS.release.xcconfig</string>
			<key>sourceTree</key>
			<string>&lt;group&gt;</string>
		</dict>
		<key>A49C878A483EE121A0587E51</key>
		<dict>
			<key>includeInIndex</key>
			<string>1</string>
			<key>isa</key>
			<string>PBXFileReference</string>
			<key>lastKnownFileType</key>
			<string>text.xcconfig</string>
			<key>name</key>
			<string>Pods-ParseDataViz-iOSTests.release.xcconfig</string>
			<key>path</key>
			<string>Pods/Target Support Files/Pods-ParseDataViz-iOSTests/Pods-ParseDataViz-iOSTests.release.xcconfig</string>
			<key>sourceTree</key>
			<string>&lt;group&gt;</string>
		</dict>
		<key>BAF9EF816C8177FCEF7FC75A</key>
		<dict>
			<key>buildActionMask</key>
			<string>2147483647</string>
			<key>files</key>
			<array/>
			<key>inputPaths</key>
			<array/>
			<key>isa</key>
			<string>PBXShellScriptBuildPhase</string>
			<key>name</key>
			<string>Copy Pods Resources</string>
			<key>outputPaths</key>
			<array/>
			<key>runOnlyForDeploymentPostprocessing</key>
			<string>0</string>
			<key>shellPath</key>
			<string>/bin/sh</string>
			<key>shellScript</key>
			<string>"${SRCROOT}/Pods/Target Support Files/Pods-ParseDataViz-iOS/Pods-ParseDataViz-iOS-resources.sh"
</string>
			<key>showEnvVarsInLog</key>
			<string>0</string>
		</dict>
		<key>C29BB77FF03354FB71ED7E70</key>
		<dict>
			<key>children</key>
			<array>
				<string>08B504CC5D6BBD14EFBA927D</string>
				<string>A49C878A483EE121A0587E51</string>
				<string>6B0B4E0393FFFC7663563FE2</string>
				<string>9675B02266F44505FD2E998E</string>
			</array>
			<key>isa</key>
			<string>PBXGroup</string>
			<key>name</key>
			<string>Pods</string>
			<key>sourceTree</key>
			<string>&lt;group&gt;</string>
		</dict>
		<key>CAED987DC7C7833632C12E82</key>
		<dict>
			<key>buildActionMask</key>
			<string>2147483647</string>
			<key>files</key>
			<array/>
			<key>inputPaths</key>
			<array/>
			<key>isa</key>
			<string>PBXShellScriptBuildPhase</string>
			<key>name</key>
			<string>Copy Pods Resources</string>
			<key>outputPaths</key>
			<array/>
			<key>runOnlyForDeploymentPostprocessing</key>
			<string>0</string>
			<key>shellPath</key>
			<string>/bin/sh</string>
			<key>shellScript</key>
			<string>"${SRCROOT}/Pods/Target Support Files/Pods-ParseDataViz-iOSTests/Pods-ParseDataViz-iOSTests-resources.sh"
</string>
			<key>showEnvVarsInLog</key>
			<string>0</string>
		</dict>
		<key>CF5551924B3B1FB38526ACB3</key>
		<dict>
			<key>children</key>
			<array>
				<string>53DAC6218FFF43B6CBD4A068</string>
				<string>E8C7C3600DF18A49063460FC</string>
			</array>
			<key>isa</key>
			<string>PBXGroup</string>
			<key>name</key>
			<string>Frameworks</string>
			<key>sourceTree</key>
			<string>&lt;group&gt;</string>
		</dict>
		<key>D32A57AA1AD329E700F784C2</key>
		<dict>
			<key>isa</key>
			<string>PBXFileReference</string>
			<key>lastKnownFileType</key>
			<string>sourcecode.c.h</string>
			<key>path</key>
			<string>PDVAppDelegate+Testing.h</string>
			<key>sourceTree</key>
			<string>&lt;group&gt;</string>
		</dict>
		<key>D32A57AB1AD32A8700F784C2</key>
		<dict>
			<key>isa</key>
			<string>PBXFileReference</string>
			<key>lastKnownFileType</key>
			<string>sourcecode.c.h</string>
			<key>path</key>
			<string>PDVAppWireframe+Testing.h</string>
			<key>sourceTree</key>
			<string>&lt;group&gt;</string>
		</dict>
		<key>D32A57AC1AD351E700F784C2</key>
		<dict>
			<key>children</key>
			<array>
				<string>D3B8A5631AD6014D00042691</string>
				<string>D3B8A5641AD6014D00042691</string>
				<string>D3B8A5681AD6066700042691</string>
				<string>D3B8A5691AD6066700042691</string>
				<string>D3B8A56C1AD6094100042691</string>
				<string>D3B8A56D1AD6094100042691</string>
				<string>D3B8A5661AD601AD00042691</string>
			</array>
			<key>isa</key>
			<string>PBXGroup</string>
			<key>name</key>
			<string>ClassDetail</string>
			<key>sourceTree</key>
			<string>&lt;group&gt;</string>
		</dict>
		<key>D34C275A1ACC4AB8004F741E</key>
		<dict>
			<key>fileEncoding</key>
			<string>4</string>
			<key>isa</key>
			<string>PBXFileReference</string>
			<key>lastKnownFileType</key>
			<string>sourcecode.c.h</string>
			<key>path</key>
			<string>PDVAppListPresenter.h</string>
			<key>sourceTree</key>
			<string>&lt;group&gt;</string>
		</dict>
		<key>D34C275B1ACC4AB8004F741E</key>
		<dict>
			<key>fileEncoding</key>
			<string>4</string>
			<key>isa</key>
			<string>PBXFileReference</string>
			<key>lastKnownFileType</key>
			<string>sourcecode.c.objc</string>
			<key>path</key>
			<string>PDVAppListPresenter.m</string>
			<key>sourceTree</key>
			<string>&lt;group&gt;</string>
		</dict>
		<key>D34C275C1ACC4AB8004F741E</key>
		<dict>
			<key>fileRef</key>
			<string>D34C275B1ACC4AB8004F741E</string>
			<key>isa</key>
			<string>PBXBuildFile</string>
		</dict>
		<key>D34C275D1ACC4BD8004F741E</key>
		<dict>
			<key>isa</key>
			<string>PBXFileReference</string>
			<key>lastKnownFileType</key>
			<string>sourcecode.c.h</string>
			<key>path</key>
			<string>PDVAppListInteractorIO.h</string>
			<key>sourceTree</key>
			<string>&lt;group&gt;</string>
		</dict>
		<key>D34C275E1ACC5315004F741E</key>
		<dict>
			<key>fileEncoding</key>
			<string>4</string>
			<key>isa</key>
			<string>PBXFileReference</string>
			<key>lastKnownFileType</key>
			<string>sourcecode.c.h</string>
			<key>path</key>
			<string>PDVAppListInteractor.h</string>
			<key>sourceTree</key>
			<string>&lt;group&gt;</string>
		</dict>
		<key>D34C275F1ACC5315004F741E</key>
		<dict>
			<key>fileEncoding</key>
			<string>4</string>
			<key>isa</key>
			<string>PBXFileReference</string>
			<key>lastKnownFileType</key>
			<string>sourcecode.c.objc</string>
			<key>path</key>
			<string>PDVAppListInteractor.m</string>
			<key>sourceTree</key>
			<string>&lt;group&gt;</string>
		</dict>
		<key>D34C27601ACC5315004F741E</key>
		<dict>
			<key>fileRef</key>
			<string>D34C275F1ACC5315004F741E</string>
			<key>isa</key>
			<string>PBXBuildFile</string>
		</dict>
		<key>D34C27611ACC5A6F004F741E</key>
		<dict>
			<key>children</key>
			<array>
				<string>D34C27621ACC5BA2004F741E</string>
				<string>D34C27691ACC5BA2004F741E</string>
				<string>D34C27631ACC5BA2004F741E</string>
				<string>D34C27671ACC5BA2004F741E</string>
				<string>D34C27661ACC5BA2004F741E</string>
				<string>D34C27651ACC5BA2004F741E</string>
				<string>D34C276D1ACC5BAA004F741E</string>
			</array>
			<key>isa</key>
			<string>PBXGroup</string>
			<key>name</key>
			<string>ClassList</string>
			<key>sourceTree</key>
			<string>&lt;group&gt;</string>
		</dict>
		<key>D34C27621ACC5BA2004F741E</key>
		<dict>
			<key>fileEncoding</key>
			<string>4</string>
			<key>isa</key>
			<string>PBXFileReference</string>
			<key>lastKnownFileType</key>
			<string>sourcecode.c.h</string>
			<key>path</key>
			<string>PDVClassListViewController.h</string>
			<key>sourceTree</key>
			<string>&lt;group&gt;</string>
		</dict>
		<key>D34C27631ACC5BA2004F741E</key>
		<dict>
			<key>fileEncoding</key>
			<string>4</string>
			<key>isa</key>
			<string>PBXFileReference</string>
			<key>lastKnownFileType</key>
			<string>sourcecode.c.h</string>
			<key>path</key>
			<string>PDVClassListPresenter.h</string>
			<key>sourceTree</key>
			<string>&lt;group&gt;</string>
		</dict>
		<key>D34C27641ACC5BA2004F741E</key>
		<dict>
			<key>fileEncoding</key>
			<string>4</string>
			<key>isa</key>
			<string>PBXFileReference</string>
			<key>lastKnownFileType</key>
			<string>sourcecode.c.h</string>
			<key>path</key>
			<string>PDVClassListView.h</string>
			<key>sourceTree</key>
			<string>&lt;group&gt;</string>
		</dict>
		<key>D34C27651ACC5BA2004F741E</key>
		<dict>
			<key>fileEncoding</key>
			<string>4</string>
			<key>isa</key>
			<string>PBXFileReference</string>
			<key>lastKnownFileType</key>
			<string>sourcecode.c.objc</string>
			<key>path</key>
			<string>PDVClassListInteractor.m</string>
			<key>sourceTree</key>
			<string>&lt;group&gt;</string>
		</dict>
		<key>D34C27661ACC5BA2004F741E</key>
		<dict>
			<key>fileEncoding</key>
			<string>4</string>
			<key>isa</key>
			<string>PBXFileReference</string>
			<key>lastKnownFileType</key>
			<string>sourcecode.c.h</string>
			<key>path</key>
			<string>PDVClassListInteractor.h</string>
			<key>sourceTree</key>
			<string>&lt;group&gt;</string>
		</dict>
		<key>D34C27671ACC5BA2004F741E</key>
		<dict>
			<key>fileEncoding</key>
			<string>4</string>
			<key>isa</key>
			<string>PBXFileReference</string>
			<key>lastKnownFileType</key>
			<string>sourcecode.c.objc</string>
			<key>path</key>
			<string>PDVClassListPresenter.m</string>
			<key>sourceTree</key>
			<string>&lt;group&gt;</string>
		</dict>
		<key>D34C27681ACC5BA2004F741E</key>
		<dict>
			<key>fileEncoding</key>
			<string>4</string>
			<key>isa</key>
			<string>PBXFileReference</string>
			<key>lastKnownFileType</key>
			<string>sourcecode.c.h</string>
			<key>path</key>
			<string>PDVClassListInteractorIO.h</string>
			<key>sourceTree</key>
			<string>&lt;group&gt;</string>
		</dict>
		<key>D34C27691ACC5BA2004F741E</key>
		<dict>
			<key>fileEncoding</key>
			<string>4</string>
			<key>isa</key>
			<string>PBXFileReference</string>
			<key>lastKnownFileType</key>
			<string>sourcecode.c.objc</string>
			<key>path</key>
			<string>PDVClassListViewController.m</string>
			<key>sourceTree</key>
			<string>&lt;group&gt;</string>
		</dict>
		<key>D34C276A1ACC5BA2004F741E</key>
		<dict>
			<key>fileRef</key>
			<string>D34C27651ACC5BA2004F741E</string>
			<key>isa</key>
			<string>PBXBuildFile</string>
		</dict>
		<key>D34C276B1ACC5BA2004F741E</key>
		<dict>
			<key>fileRef</key>
			<string>D34C27671ACC5BA2004F741E</string>
			<key>isa</key>
			<string>PBXBuildFile</string>
		</dict>
		<key>D34C276C1ACC5BA2004F741E</key>
		<dict>
			<key>fileRef</key>
			<string>D34C27691ACC5BA2004F741E</string>
			<key>isa</key>
			<string>PBXBuildFile</string>
		</dict>
		<key>D34C276D1ACC5BAA004F741E</key>
		<dict>
			<key>children</key>
			<array>
				<string>D34C27641ACC5BA2004F741E</string>
				<string>D34C27681ACC5BA2004F741E</string>
			</array>
			<key>isa</key>
			<string>PBXGroup</string>
			<key>name</key>
			<string>Protocols</string>
			<key>sourceTree</key>
			<string>&lt;group&gt;</string>
		</dict>
		<key>D34C276E1ACC6E0E004F741E</key>
		<dict>
			<key>fileEncoding</key>
			<string>4</string>
			<key>isa</key>
			<string>PBXFileReference</string>
			<key>lastKnownFileType</key>
			<string>sourcecode.c.h</string>
			<key>path</key>
			<string>PDVDataManager.h</string>
			<key>sourceTree</key>
			<string>&lt;group&gt;</string>
		</dict>
		<key>D34C276F1ACC6E0E004F741E</key>
		<dict>
			<key>fileEncoding</key>
			<string>4</string>
			<key>isa</key>
			<string>PBXFileReference</string>
			<key>lastKnownFileType</key>
			<string>sourcecode.c.objc</string>
			<key>path</key>
			<string>PDVDataManager.m</string>
			<key>sourceTree</key>
			<string>&lt;group&gt;</string>
		</dict>
		<key>D34C27701ACC6E0F004F741E</key>
		<dict>
			<key>fileRef</key>
			<string>D34C276F1ACC6E0E004F741E</string>
			<key>isa</key>
			<string>PBXBuildFile</string>
		</dict>
		<key>D34C27711ACCAFE8004F741E</key>
		<dict>
			<key>fileEncoding</key>
			<string>4</string>
			<key>isa</key>
			<string>PBXFileReference</string>
			<key>lastKnownFileType</key>
			<string>sourcecode.c.objc</string>
			<key>path</key>
			<string>AppSpec.m</string>
			<key>sourceTree</key>
			<string>&lt;group&gt;</string>
		</dict>
		<key>D34C27721ACCAFE8004F741E</key>
		<dict>
			<key>fileRef</key>
			<string>D34C27711ACCAFE8004F741E</string>
			<key>isa</key>
			<string>PBXBuildFile</string>
		</dict>
		<key>D385B80F1AD71D8F004E63FB</key>
		<dict>
			<key>fileEncoding</key>
			<string>4</string>
			<key>isa</key>
			<string>PBXFileReference</string>
			<key>lastKnownFileType</key>
			<string>sourcecode.c.h</string>
			<key>path</key>
			<string>PDVDataClient.h</string>
			<key>sourceTree</key>
			<string>&lt;group&gt;</string>
		</dict>
		<key>D385B8101AD71D8F004E63FB</key>
		<dict>
			<key>fileEncoding</key>
			<string>4</string>
			<key>isa</key>
			<string>PBXFileReference</string>
			<key>lastKnownFileType</key>
			<string>sourcecode.c.objc</string>
			<key>path</key>
			<string>PDVDataClient.m</string>
			<key>sourceTree</key>
			<string>&lt;group&gt;</string>
		</dict>
		<key>D385B8111AD71D8F004E63FB</key>
		<dict>
			<key>fileRef</key>
			<string>D385B8101AD71D8F004E63FB</string>
			<key>isa</key>
			<string>PBXBuildFile</string>
		</dict>
		<key>D3A0A9041ACB183C0033E195</key>
		<dict>
			<key>children</key>
			<array>
				<string>D3A0A90F1ACB183C0033E195</string>
				<string>D3A0A9291ACB183C0033E195</string>
				<string>D3A0A90E1ACB183C0033E195</string>
				<string>C29BB77FF03354FB71ED7E70</string>
				<string>CF5551924B3B1FB38526ACB3</string>
			</array>
			<key>isa</key>
			<string>PBXGroup</string>
			<key>sourceTree</key>
			<string>&lt;group&gt;</string>
		</dict>
		<key>D3A0A9051ACB183C0033E195</key>
		<dict>
			<key>attributes</key>
			<dict>
				<key>LastUpgradeCheck</key>
				<string>0620</string>
				<key>ORGANIZATIONNAME</key>
				<string>David Olesch</string>
				<key>TargetAttributes</key>
				<dict>
					<key>D3A0A90C1ACB183C0033E195</key>
					<dict>
						<key>CreatedOnToolsVersion</key>
						<string>6.2</string>
					</dict>
					<key>D3A0A9251ACB183C0033E195</key>
					<dict>
						<key>CreatedOnToolsVersion</key>
						<string>6.2</string>
						<key>TestTargetID</key>
						<string>D3A0A90C1ACB183C0033E195</string>
					</dict>
				</dict>
			</dict>
			<key>buildConfigurationList</key>
			<string>D3A0A9081ACB183C0033E195</string>
			<key>compatibilityVersion</key>
			<string>Xcode 3.2</string>
			<key>developmentRegion</key>
			<string>English</string>
			<key>hasScannedForEncodings</key>
			<string>0</string>
			<key>isa</key>
			<string>PBXProject</string>
			<key>knownRegions</key>
			<array>
				<string>en</string>
				<string>Base</string>
			</array>
			<key>mainGroup</key>
			<string>D3A0A9041ACB183C0033E195</string>
			<key>productRefGroup</key>
			<string>D3A0A90E1ACB183C0033E195</string>
			<key>projectDirPath</key>
			<string></string>
			<key>projectReferences</key>
			<array/>
			<key>projectRoot</key>
			<string></string>
			<key>targets</key>
			<array>
				<string>D3A0A90C1ACB183C0033E195</string>
				<string>D3A0A9251ACB183C0033E195</string>
			</array>
		</dict>
		<key>D3A0A9081ACB183C0033E195</key>
		<dict>
			<key>buildConfigurations</key>
			<array>
				<string>D3A0A92E1ACB183C0033E195</string>
				<string>D3A0A92F1ACB183C0033E195</string>
			</array>
			<key>defaultConfigurationIsVisible</key>
			<string>0</string>
			<key>defaultConfigurationName</key>
			<string>Release</string>
			<key>isa</key>
			<string>XCConfigurationList</string>
		</dict>
		<key>D3A0A9091ACB183C0033E195</key>
		<dict>
			<key>buildActionMask</key>
			<string>2147483647</string>
			<key>files</key>
			<array>
				<string>D3A0A9161ACB183C0033E195</string>
				<string>D34C276B1ACC5BA2004F741E</string>
				<string>D34C275C1ACC4AB8004F741E</string>
				<string>D34C276A1ACC5BA2004F741E</string>
				<string>D34C27701ACC6E0F004F741E</string>
				<string>D3B8A56A1AD6066700042691</string>
				<string>D3A0A93F1ACB22F40033E195</string>
				<string>D3B8A56E1AD6094100042691</string>
				<string>D34C27601ACC5315004F741E</string>
				<string>D34C276C1ACC5BA2004F741E</string>
				<string>D3A0A93C1ACB1DEF0033E195</string>
				<string>D385B8111AD71D8F004E63FB</string>
				<string>D3A0A9441ACB29F70033E195</string>
				<string>D3A0A9131ACB183C0033E195</string>
				<string>D3B8A5651AD6014D00042691</string>
			</array>
			<key>isa</key>
			<string>PBXSourcesBuildPhase</string>
			<key>runOnlyForDeploymentPostprocessing</key>
			<string>0</string>
		</dict>
		<key>D3A0A90A1ACB183C0033E195</key>
		<dict>
			<key>buildActionMask</key>
			<string>2147483647</string>
			<key>files</key>
			<array>
				<string>D983F0A8906C9FF0C4462242</string>
			</array>
			<key>isa</key>
			<string>PBXFrameworksBuildPhase</string>
			<key>runOnlyForDeploymentPostprocessing</key>
			<string>0</string>
		</dict>
		<key>D3A0A90B1ACB183C0033E195</key>
		<dict>
			<key>buildActionMask</key>
			<string>2147483647</string>
			<key>files</key>
			<array>
				<string>D3A0A91C1ACB183C0033E195</string>
				<string>D3A0A9211ACB183C0033E195</string>
				<string>D3A0A91E1ACB183C0033E195</string>
			</array>
			<key>isa</key>
			<string>PBXResourcesBuildPhase</string>
			<key>runOnlyForDeploymentPostprocessing</key>
			<string>0</string>
		</dict>
		<key>D3A0A90C1ACB183C0033E195</key>
		<dict>
			<key>buildConfigurationList</key>
			<string>D3A0A9301ACB183C0033E195</string>
			<key>buildPhases</key>
			<array>
				<string>FDB80142CE0C8B5B84C209EF</string>
				<string>D3A0A9091ACB183C0033E195</string>
				<string>D3A0A90A1ACB183C0033E195</string>
				<string>D3A0A90B1ACB183C0033E195</string>
				<string>BAF9EF816C8177FCEF7FC75A</string>
			</array>
			<key>buildRules</key>
			<array/>
			<key>dependencies</key>
			<array/>
			<key>isa</key>
			<string>PBXNativeTarget</string>
			<key>name</key>
			<string>ParseDataViz-iOS</string>
			<key>productName</key>
			<string>ParseDataViz-iOS</string>
			<key>productReference</key>
			<string>D3A0A90D1ACB183C0033E195</string>
			<key>productType</key>
			<string>com.apple.product-type.application</string>
		</dict>
		<key>D3A0A90D1ACB183C0033E195</key>
		<dict>
			<key>explicitFileType</key>
			<string>wrapper.application</string>
			<key>includeInIndex</key>
			<string>0</string>
			<key>isa</key>
			<string>PBXFileReference</string>
			<key>path</key>
			<string>ParseDataViz-iOS.app</string>
			<key>sourceTree</key>
			<string>BUILT_PRODUCTS_DIR</string>
		</dict>
		<key>D3A0A90E1ACB183C0033E195</key>
		<dict>
			<key>children</key>
			<array>
				<string>D3A0A90D1ACB183C0033E195</string>
				<string>D3A0A9261ACB183C0033E195</string>
			</array>
			<key>isa</key>
			<string>PBXGroup</string>
			<key>name</key>
			<string>Products</string>
			<key>sourceTree</key>
			<string>&lt;group&gt;</string>
		</dict>
		<key>D3A0A90F1ACB183C0033E195</key>
		<dict>
			<key>children</key>
			<array>
				<string>D3A0A9361ACB1C860033E195</string>
				<string>D3A0A9371ACB1CAB0033E195</string>
				<string>D3A0A9101ACB183C0033E195</string>
			</array>
			<key>isa</key>
			<string>PBXGroup</string>
			<key>path</key>
			<string>ParseDataViz-iOS</string>
			<key>sourceTree</key>
			<string>&lt;group&gt;</string>
		</dict>
		<key>D3A0A9101ACB183C0033E195</key>
		<dict>
			<key>children</key>
			<array>
				<string>D3A0A9111ACB183C0033E195</string>
				<string>D3A0A9121ACB183C0033E195</string>
			</array>
			<key>isa</key>
			<string>PBXGroup</string>
			<key>name</key>
			<string>Supporting Files</string>
			<key>sourceTree</key>
			<string>&lt;group&gt;</string>
		</dict>
		<key>D3A0A9111ACB183C0033E195</key>
		<dict>
			<key>isa</key>
			<string>PBXFileReference</string>
			<key>lastKnownFileType</key>
			<string>text.plist.xml</string>
			<key>path</key>
			<string>Info.plist</string>
			<key>sourceTree</key>
			<string>&lt;group&gt;</string>
		</dict>
		<key>D3A0A9121ACB183C0033E195</key>
		<dict>
			<key>isa</key>
			<string>PBXFileReference</string>
			<key>lastKnownFileType</key>
			<string>sourcecode.c.objc</string>
			<key>path</key>
			<string>main.m</string>
			<key>sourceTree</key>
			<string>&lt;group&gt;</string>
		</dict>
		<key>D3A0A9131ACB183C0033E195</key>
		<dict>
			<key>fileRef</key>
			<string>D3A0A9121ACB183C0033E195</string>
			<key>isa</key>
			<string>PBXBuildFile</string>
		</dict>
		<key>D3A0A9141ACB183C0033E195</key>
		<dict>
			<key>isa</key>
			<string>PBXFileReference</string>
			<key>lastKnownFileType</key>
			<string>sourcecode.c.h</string>
			<key>path</key>
			<string>PDVAppDelegate.h</string>
			<key>sourceTree</key>
			<string>&lt;group&gt;</string>
		</dict>
		<key>D3A0A9151ACB183C0033E195</key>
		<dict>
			<key>isa</key>
			<string>PBXFileReference</string>
			<key>lastKnownFileType</key>
			<string>sourcecode.c.objc</string>
			<key>path</key>
			<string>PDVAppDelegate.m</string>
			<key>sourceTree</key>
			<string>&lt;group&gt;</string>
		</dict>
		<key>D3A0A9161ACB183C0033E195</key>
		<dict>
			<key>fileRef</key>
			<string>D3A0A9151ACB183C0033E195</string>
			<key>isa</key>
			<string>PBXBuildFile</string>
		</dict>
		<key>D3A0A91A1ACB183C0033E195</key>
		<dict>
			<key>children</key>
			<array>
				<string>D3A0A91B1ACB183C0033E195</string>
			</array>
			<key>isa</key>
			<string>PBXVariantGroup</string>
			<key>name</key>
			<string>Main.storyboard</string>
			<key>sourceTree</key>
			<string>&lt;group&gt;</string>
		</dict>
		<key>D3A0A91B1ACB183C0033E195</key>
		<dict>
			<key>isa</key>
			<string>PBXFileReference</string>
			<key>lastKnownFileType</key>
			<string>file.storyboard</string>
			<key>name</key>
			<string>Base</string>
			<key>path</key>
			<string>Base.lproj/Main.storyboard</string>
			<key>sourceTree</key>
			<string>&lt;group&gt;</string>
		</dict>
		<key>D3A0A91C1ACB183C0033E195</key>
		<dict>
			<key>fileRef</key>
			<string>D3A0A91A1ACB183C0033E195</string>
			<key>isa</key>
			<string>PBXBuildFile</string>
		</dict>
		<key>D3A0A91D1ACB183C0033E195</key>
		<dict>
			<key>isa</key>
			<string>PBXFileReference</string>
			<key>lastKnownFileType</key>
			<string>folder.assetcatalog</string>
			<key>path</key>
			<string>Images.xcassets</string>
			<key>sourceTree</key>
			<string>&lt;group&gt;</string>
		</dict>
		<key>D3A0A91E1ACB183C0033E195</key>
		<dict>
			<key>fileRef</key>
			<string>D3A0A91D1ACB183C0033E195</string>
			<key>isa</key>
			<string>PBXBuildFile</string>
		</dict>
		<key>D3A0A91F1ACB183C0033E195</key>
		<dict>
			<key>children</key>
			<array>
				<string>D3A0A9201ACB183C0033E195</string>
			</array>
			<key>isa</key>
			<string>PBXVariantGroup</string>
			<key>name</key>
			<string>LaunchScreen.xib</string>
			<key>sourceTree</key>
			<string>&lt;group&gt;</string>
		</dict>
		<key>D3A0A9201ACB183C0033E195</key>
		<dict>
			<key>isa</key>
			<string>PBXFileReference</string>
			<key>lastKnownFileType</key>
			<string>file.xib</string>
			<key>name</key>
			<string>Base</string>
			<key>path</key>
			<string>Base.lproj/LaunchScreen.xib</string>
			<key>sourceTree</key>
			<string>&lt;group&gt;</string>
		</dict>
		<key>D3A0A9211ACB183C0033E195</key>
		<dict>
			<key>fileRef</key>
			<string>D3A0A91F1ACB183C0033E195</string>
			<key>isa</key>
			<string>PBXBuildFile</string>
		</dict>
		<key>D3A0A9221ACB183C0033E195</key>
		<dict>
			<key>buildActionMask</key>
			<string>2147483647</string>
			<key>files</key>
			<array>
				<string>D34C27721ACCAFE8004F741E</string>
			</array>
			<key>isa</key>
			<string>PBXSourcesBuildPhase</string>
			<key>runOnlyForDeploymentPostprocessing</key>
			<string>0</string>
		</dict>
		<key>D3A0A9231ACB183C0033E195</key>
		<dict>
			<key>buildActionMask</key>
			<string>2147483647</string>
			<key>files</key>
			<array>
				<string>9462A16BCD67119389AC54F2</string>
			</array>
			<key>isa</key>
			<string>PBXFrameworksBuildPhase</string>
			<key>runOnlyForDeploymentPostprocessing</key>
			<string>0</string>
		</dict>
		<key>D3A0A9241ACB183C0033E195</key>
		<dict>
			<key>buildActionMask</key>
			<string>2147483647</string>
			<key>files</key>
			<array/>
			<key>isa</key>
			<string>PBXResourcesBuildPhase</string>
			<key>runOnlyForDeploymentPostprocessing</key>
			<string>0</string>
		</dict>
		<key>D3A0A9251ACB183C0033E195</key>
		<dict>
			<key>buildConfigurationList</key>
			<string>D3A0A9331ACB183C0033E195</string>
			<key>buildPhases</key>
			<array>
				<string>E298508A05EB27F9BE702232</string>
				<string>D3A0A9221ACB183C0033E195</string>
				<string>D3A0A9231ACB183C0033E195</string>
				<string>D3A0A9241ACB183C0033E195</string>
				<string>CAED987DC7C7833632C12E82</string>
			</array>
			<key>buildRules</key>
			<array/>
			<key>dependencies</key>
			<array>
				<string>D3A0A9281ACB183C0033E195</string>
			</array>
			<key>isa</key>
			<string>PBXNativeTarget</string>
			<key>name</key>
			<string>ParseDataViz-iOSTests</string>
			<key>productName</key>
			<string>ParseDataViz-iOSTests</string>
			<key>productReference</key>
			<string>D3A0A9261ACB183C0033E195</string>
			<key>productType</key>
			<string>com.apple.product-type.bundle.unit-test</string>
		</dict>
		<key>D3A0A9261ACB183C0033E195</key>
		<dict>
			<key>explicitFileType</key>
			<string>wrapper.cfbundle</string>
			<key>includeInIndex</key>
			<string>0</string>
			<key>isa</key>
			<string>PBXFileReference</string>
			<key>path</key>
			<string>ParseDataViz-iOSTests.xctest</string>
			<key>sourceTree</key>
			<string>BUILT_PRODUCTS_DIR</string>
		</dict>
		<key>D3A0A9271ACB183C0033E195</key>
		<dict>
			<key>containerPortal</key>
			<string>D3A0A9051ACB183C0033E195</string>
			<key>isa</key>
			<string>PBXContainerItemProxy</string>
			<key>proxyType</key>
			<string>1</string>
			<key>remoteGlobalIDString</key>
			<string>D3A0A90C1ACB183C0033E195</string>
			<key>remoteInfo</key>
			<string>ParseDataViz-iOS</string>
		</dict>
		<key>D3A0A9281ACB183C0033E195</key>
		<dict>
			<key>isa</key>
			<string>PBXTargetDependency</string>
			<key>target</key>
			<string>D3A0A90C1ACB183C0033E195</string>
			<key>targetProxy</key>
			<string>D3A0A9271ACB183C0033E195</string>
		</dict>
		<key>D3A0A9291ACB183C0033E195</key>
		<dict>
			<key>children</key>
			<array>
				<string>D3A0A92A1ACB183C0033E195</string>
				<string>D34C27711ACCAFE8004F741E</string>
				<string>D32A57AA1AD329E700F784C2</string>
				<string>D32A57AB1AD32A8700F784C2</string>
				<string>D3B8A5621AD5F37000042691</string>
			</array>
			<key>isa</key>
			<string>PBXGroup</string>
			<key>path</key>
			<string>ParseDataViz-iOSTests</string>
			<key>sourceTree</key>
			<string>&lt;group&gt;</string>
		</dict>
		<key>D3A0A92A1ACB183C0033E195</key>
		<dict>
			<key>children</key>
			<array>
				<string>D3A0A92B1ACB183C0033E195</string>
			</array>
			<key>isa</key>
			<string>PBXGroup</string>
			<key>name</key>
			<string>Supporting Files</string>
			<key>sourceTree</key>
			<string>&lt;group&gt;</string>
		</dict>
		<key>D3A0A92B1ACB183C0033E195</key>
		<dict>
			<key>isa</key>
			<string>PBXFileReference</string>
			<key>lastKnownFileType</key>
			<string>text.plist.xml</string>
			<key>path</key>
			<string>Info.plist</string>
			<key>sourceTree</key>
			<string>&lt;group&gt;</string>
		</dict>
		<key>D3A0A92E1ACB183C0033E195</key>
		<dict>
			<key>buildSettings</key>
			<dict>
				<key>ALWAYS_SEARCH_USER_PATHS</key>
				<string>NO</string>
				<key>CLANG_CXX_LANGUAGE_STANDARD</key>
				<string>gnu++0x</string>
				<key>CLANG_CXX_LIBRARY</key>
				<string>libc++</string>
				<key>CLANG_ENABLE_MODULES</key>
				<string>YES</string>
				<key>CLANG_ENABLE_OBJC_ARC</key>
				<string>YES</string>
				<key>CLANG_WARN_BOOL_CONVERSION</key>
				<string>YES</string>
				<key>CLANG_WARN_CONSTANT_CONVERSION</key>
				<string>YES</string>
				<key>CLANG_WARN_DIRECT_OBJC_ISA_USAGE</key>
				<string>YES_ERROR</string>
				<key>CLANG_WARN_EMPTY_BODY</key>
				<string>YES</string>
				<key>CLANG_WARN_ENUM_CONVERSION</key>
				<string>YES</string>
				<key>CLANG_WARN_INT_CONVERSION</key>
				<string>YES</string>
				<key>CLANG_WARN_OBJC_ROOT_CLASS</key>
				<string>YES_ERROR</string>
				<key>CLANG_WARN_UNREACHABLE_CODE</key>
				<string>YES</string>
				<key>CLANG_WARN__DUPLICATE_METHOD_MATCH</key>
				<string>YES</string>
				<key>CODE_SIGN_IDENTITY[sdk=iphoneos*]</key>
				<string>iPhone Developer</string>
				<key>COPY_PHASE_STRIP</key>
				<string>NO</string>
				<key>ENABLE_STRICT_OBJC_MSGSEND</key>
				<string>YES</string>
				<key>GCC_C_LANGUAGE_STANDARD</key>
				<string>gnu99</string>
				<key>GCC_DYNAMIC_NO_PIC</key>
				<string>NO</string>
				<key>GCC_OPTIMIZATION_LEVEL</key>
				<string>0</string>
				<key>GCC_PREPROCESSOR_DEFINITIONS</key>
				<array>
					<string>DEBUG=1</string>
					<string>$(inherited)</string>
				</array>
				<key>GCC_SYMBOLS_PRIVATE_EXTERN</key>
				<string>NO</string>
				<key>GCC_WARN_64_TO_32_BIT_CONVERSION</key>
				<string>YES</string>
				<key>GCC_WARN_ABOUT_RETURN_TYPE</key>
				<string>YES_ERROR</string>
				<key>GCC_WARN_UNDECLARED_SELECTOR</key>
				<string>YES</string>
				<key>GCC_WARN_UNINITIALIZED_AUTOS</key>
				<string>YES_AGGRESSIVE</string>
				<key>GCC_WARN_UNUSED_FUNCTION</key>
				<string>YES</string>
				<key>GCC_WARN_UNUSED_VARIABLE</key>
				<string>YES</string>
				<key>IPHONEOS_DEPLOYMENT_TARGET</key>
				<string>8.2</string>
				<key>MTL_ENABLE_DEBUG_INFO</key>
				<string>YES</string>
				<key>ONLY_ACTIVE_ARCH</key>
				<string>YES</string>
				<key>SDKROOT</key>
				<string>iphoneos</string>
				<key>TARGETED_DEVICE_FAMILY</key>
				<string>1,2</string>
			</dict>
			<key>isa</key>
			<string>XCBuildConfiguration</string>
			<key>name</key>
			<string>Debug</string>
		</dict>
		<key>D3A0A92F1ACB183C0033E195</key>
		<dict>
			<key>buildSettings</key>
			<dict>
				<key>ALWAYS_SEARCH_USER_PATHS</key>
				<string>NO</string>
				<key>CLANG_CXX_LANGUAGE_STANDARD</key>
				<string>gnu++0x</string>
				<key>CLANG_CXX_LIBRARY</key>
				<string>libc++</string>
				<key>CLANG_ENABLE_MODULES</key>
				<string>YES</string>
				<key>CLANG_ENABLE_OBJC_ARC</key>
				<string>YES</string>
				<key>CLANG_WARN_BOOL_CONVERSION</key>
				<string>YES</string>
				<key>CLANG_WARN_CONSTANT_CONVERSION</key>
				<string>YES</string>
				<key>CLANG_WARN_DIRECT_OBJC_ISA_USAGE</key>
				<string>YES_ERROR</string>
				<key>CLANG_WARN_EMPTY_BODY</key>
				<string>YES</string>
				<key>CLANG_WARN_ENUM_CONVERSION</key>
				<string>YES</string>
				<key>CLANG_WARN_INT_CONVERSION</key>
				<string>YES</string>
				<key>CLANG_WARN_OBJC_ROOT_CLASS</key>
				<string>YES_ERROR</string>
				<key>CLANG_WARN_UNREACHABLE_CODE</key>
				<string>YES</string>
				<key>CLANG_WARN__DUPLICATE_METHOD_MATCH</key>
				<string>YES</string>
				<key>CODE_SIGN_IDENTITY[sdk=iphoneos*]</key>
				<string>iPhone Developer</string>
				<key>COPY_PHASE_STRIP</key>
				<string>NO</string>
				<key>ENABLE_NS_ASSERTIONS</key>
				<string>NO</string>
				<key>ENABLE_STRICT_OBJC_MSGSEND</key>
				<string>YES</string>
				<key>GCC_C_LANGUAGE_STANDARD</key>
				<string>gnu99</string>
				<key>GCC_WARN_64_TO_32_BIT_CONVERSION</key>
				<string>YES</string>
				<key>GCC_WARN_ABOUT_RETURN_TYPE</key>
				<string>YES_ERROR</string>
				<key>GCC_WARN_UNDECLARED_SELECTOR</key>
				<string>YES</string>
				<key>GCC_WARN_UNINITIALIZED_AUTOS</key>
				<string>YES_AGGRESSIVE</string>
				<key>GCC_WARN_UNUSED_FUNCTION</key>
				<string>YES</string>
				<key>GCC_WARN_UNUSED_VARIABLE</key>
				<string>YES</string>
				<key>IPHONEOS_DEPLOYMENT_TARGET</key>
				<string>8.2</string>
				<key>MTL_ENABLE_DEBUG_INFO</key>
				<string>NO</string>
				<key>SDKROOT</key>
				<string>iphoneos</string>
				<key>TARGETED_DEVICE_FAMILY</key>
				<string>1,2</string>
				<key>VALIDATE_PRODUCT</key>
				<string>YES</string>
			</dict>
			<key>isa</key>
			<string>XCBuildConfiguration</string>
			<key>name</key>
			<string>Release</string>
		</dict>
		<key>D3A0A9301ACB183C0033E195</key>
		<dict>
			<key>buildConfigurations</key>
			<array>
				<string>D3A0A9311ACB183C0033E195</string>
				<string>D3A0A9321ACB183C0033E195</string>
			</array>
			<key>defaultConfigurationIsVisible</key>
			<string>0</string>
			<key>defaultConfigurationName</key>
			<string>Release</string>
			<key>isa</key>
			<string>XCConfigurationList</string>
		</dict>
		<key>D3A0A9311ACB183C0033E195</key>
		<dict>
			<key>baseConfigurationReference</key>
			<string>6B0B4E0393FFFC7663563FE2</string>
			<key>buildSettings</key>
			<dict>
				<key>ASSETCATALOG_COMPILER_APPICON_NAME</key>
				<string>AppIcon</string>
				<key>INFOPLIST_FILE</key>
				<string>ParseDataViz-iOS/Info.plist</string>
				<key>LD_RUNPATH_SEARCH_PATHS</key>
				<string>$(inherited) @executable_path/Frameworks</string>
				<key>PRODUCT_NAME</key>
				<string>$(TARGET_NAME)</string>
			</dict>
			<key>isa</key>
			<string>XCBuildConfiguration</string>
			<key>name</key>
			<string>Debug</string>
		</dict>
		<key>D3A0A9321ACB183C0033E195</key>
		<dict>
			<key>baseConfigurationReference</key>
			<string>9675B02266F44505FD2E998E</string>
			<key>buildSettings</key>
			<dict>
				<key>ASSETCATALOG_COMPILER_APPICON_NAME</key>
				<string>AppIcon</string>
				<key>INFOPLIST_FILE</key>
				<string>ParseDataViz-iOS/Info.plist</string>
				<key>LD_RUNPATH_SEARCH_PATHS</key>
				<string>$(inherited) @executable_path/Frameworks</string>
				<key>PRODUCT_NAME</key>
				<string>$(TARGET_NAME)</string>
			</dict>
			<key>isa</key>
			<string>XCBuildConfiguration</string>
			<key>name</key>
			<string>Release</string>
		</dict>
		<key>D3A0A9331ACB183C0033E195</key>
		<dict>
			<key>buildConfigurations</key>
			<array>
				<string>D3A0A9341ACB183C0033E195</string>
				<string>D3A0A9351ACB183C0033E195</string>
			</array>
			<key>defaultConfigurationIsVisible</key>
			<string>0</string>
			<key>defaultConfigurationName</key>
			<string>Release</string>
			<key>isa</key>
			<string>XCConfigurationList</string>
		</dict>
		<key>D3A0A9341ACB183C0033E195</key>
		<dict>
			<key>baseConfigurationReference</key>
			<string>08B504CC5D6BBD14EFBA927D</string>
			<key>buildSettings</key>
			<dict>
				<key>BUNDLE_LOADER</key>
				<string>$(TEST_HOST)</string>
				<key>FRAMEWORK_SEARCH_PATHS</key>
				<array>
					<string>$(SDKROOT)/Developer/Library/Frameworks</string>
					<string>$(inherited)</string>
				</array>
				<key>GCC_PREPROCESSOR_DEFINITIONS</key>
				<array>
					<string>DEBUG=1</string>
					<string>$(inherited)</string>
				</array>
				<key>INFOPLIST_FILE</key>
				<string>ParseDataViz-iOSTests/Info.plist</string>
				<key>LD_RUNPATH_SEARCH_PATHS</key>
				<string>$(inherited) @executable_path/Frameworks @loader_path/Frameworks</string>
				<key>PRODUCT_NAME</key>
				<string>$(TARGET_NAME)</string>
				<key>TEST_HOST</key>
				<string>$(BUILT_PRODUCTS_DIR)/ParseDataViz-iOS.app/ParseDataViz-iOS</string>
			</dict>
			<key>isa</key>
			<string>XCBuildConfiguration</string>
			<key>name</key>
			<string>Debug</string>
		</dict>
		<key>D3A0A9351ACB183C0033E195</key>
		<dict>
			<key>baseConfigurationReference</key>
			<string>A49C878A483EE121A0587E51</string>
			<key>buildSettings</key>
			<dict>
				<key>BUNDLE_LOADER</key>
				<string>$(TEST_HOST)</string>
				<key>FRAMEWORK_SEARCH_PATHS</key>
				<array>
					<string>$(SDKROOT)/Developer/Library/Frameworks</string>
					<string>$(inherited)</string>
				</array>
				<key>INFOPLIST_FILE</key>
				<string>ParseDataViz-iOSTests/Info.plist</string>
				<key>LD_RUNPATH_SEARCH_PATHS</key>
				<string>$(inherited) @executable_path/Frameworks @loader_path/Frameworks</string>
				<key>PRODUCT_NAME</key>
				<string>$(TARGET_NAME)</string>
				<key>TEST_HOST</key>
				<string>$(BUILT_PRODUCTS_DIR)/ParseDataViz-iOS.app/ParseDataViz-iOS</string>
			</dict>
			<key>isa</key>
			<string>XCBuildConfiguration</string>
			<key>name</key>
			<string>Release</string>
		</dict>
		<key>D3A0A9361ACB1C860033E195</key>
		<dict>
			<key>children</key>
			<array>
				<string>D3A0A9381ACB1CD90033E195</string>
				<string>D3A0A9391ACB1CE30033E195</string>
			</array>
			<key>isa</key>
			<string>PBXGroup</string>
			<key>name</key>
			<string>Classes</string>
			<key>sourceTree</key>
			<string>&lt;group&gt;</string>
		</dict>
		<key>D3A0A9371ACB1CAB0033E195</key>
		<dict>
			<key>children</key>
			<array>
				<string>D3A0A91A1ACB183C0033E195</string>
				<string>D3A0A91D1ACB183C0033E195</string>
				<string>D3A0A91F1ACB183C0033E195</string>
			</array>
			<key>isa</key>
			<string>PBXGroup</string>
			<key>name</key>
			<string>Resources</string>
			<key>sourceTree</key>
			<string>&lt;group&gt;</string>
		</dict>
		<key>D3A0A9381ACB1CD90033E195</key>
		<dict>
			<key>children</key>
			<array>
				<string>D3A0A9141ACB183C0033E195</string>
				<string>D3A0A9151ACB183C0033E195</string>
				<string>D3A0A93A1ACB1DEF0033E195</string>
				<string>D3A0A93B1ACB1DEF0033E195</string>
				<string>D3A0A93D1ACB22F40033E195</string>
				<string>D3A0A93E1ACB22F40033E195</string>
				<string>D34C276E1ACC6E0E004F741E</string>
				<string>D34C276F1ACC6E0E004F741E</string>
				<string>D385B80F1AD71D8F004E63FB</string>
				<string>D385B8101AD71D8F004E63FB</string>
			</array>
			<key>isa</key>
			<string>PBXGroup</string>
			<key>name</key>
			<string>Common</string>
			<key>sourceTree</key>
			<string>&lt;group&gt;</string>
		</dict>
		<key>D3A0A9391ACB1CE30033E195</key>
		<dict>
			<key>children</key>
			<array>
				<string>D3A0A9411ACB29D80033E195</string>
				<string>D34C27611ACC5A6F004F741E</string>
				<string>D32A57AC1AD351E700F784C2</string>
			</array>
			<key>isa</key>
			<string>PBXGroup</string>
			<key>name</key>
			<string>Modules</string>
			<key>sourceTree</key>
			<string>&lt;group&gt;</string>
		</dict>
		<key>D3A0A93A1ACB1DEF0033E195</key>
		<dict>
			<key>fileEncoding</key>
			<string>4</string>
			<key>isa</key>
			<string>PBXFileReference</string>
			<key>lastKnownFileType</key>
			<string>sourcecode.c.h</string>
			<key>path</key>
			<string>PDVAppDependencies.h</string>
			<key>sourceTree</key>
			<string>&lt;group&gt;</string>
		</dict>
		<key>D3A0A93B1ACB1DEF0033E195</key>
		<dict>
			<key>fileEncoding</key>
			<string>4</string>
			<key>isa</key>
			<string>PBXFileReference</string>
			<key>lastKnownFileType</key>
			<string>sourcecode.c.objc</string>
			<key>path</key>
			<string>PDVAppDependencies.m</string>
			<key>sourceTree</key>
			<string>&lt;group&gt;</string>
		</dict>
		<key>D3A0A93C1ACB1DEF0033E195</key>
		<dict>
			<key>fileRef</key>
			<string>D3A0A93B1ACB1DEF0033E195</string>
			<key>isa</key>
			<string>PBXBuildFile</string>
		</dict>
		<key>D3A0A93D1ACB22F40033E195</key>
		<dict>
			<key>fileEncoding</key>
			<string>4</string>
			<key>isa</key>
			<string>PBXFileReference</string>
			<key>lastKnownFileType</key>
			<string>sourcecode.c.h</string>
			<key>path</key>
			<string>PDVAppWireframe.h</string>
			<key>sourceTree</key>
			<string>&lt;group&gt;</string>
		</dict>
		<key>D3A0A93E1ACB22F40033E195</key>
		<dict>
			<key>fileEncoding</key>
			<string>4</string>
			<key>isa</key>
			<string>PBXFileReference</string>
			<key>lastKnownFileType</key>
			<string>sourcecode.c.objc</string>
			<key>path</key>
			<string>PDVAppWireframe.m</string>
			<key>sourceTree</key>
			<string>&lt;group&gt;</string>
		</dict>
		<key>D3A0A93F1ACB22F40033E195</key>
		<dict>
			<key>fileRef</key>
			<string>D3A0A93E1ACB22F40033E195</string>
			<key>isa</key>
			<string>PBXBuildFile</string>
		</dict>
		<key>D3A0A9411ACB29D80033E195</key>
		<dict>
			<key>children</key>
			<array>
				<string>D3A0A9421ACB29F70033E195</string>
				<string>D3A0A9431ACB29F70033E195</string>
				<string>D34C275A1ACC4AB8004F741E</string>
				<string>D34C275B1ACC4AB8004F741E</string>
				<string>D34C275E1ACC5315004F741E</string>
				<string>D34C275F1ACC5315004F741E</string>
				<string>D3A0A9451ACB30A80033E195</string>
			</array>
			<key>isa</key>
			<string>PBXGroup</string>
			<key>name</key>
			<string>AppList</string>
			<key>sourceTree</key>
			<string>&lt;group&gt;</string>
		</dict>
		<key>D3A0A9421ACB29F70033E195</key>
		<dict>
			<key>fileEncoding</key>
			<string>4</string>
			<key>isa</key>
			<string>PBXFileReference</string>
			<key>lastKnownFileType</key>
			<string>sourcecode.c.h</string>
			<key>path</key>
			<string>PDVAppListViewController.h</string>
			<key>sourceTree</key>
			<string>&lt;group&gt;</string>
		</dict>
		<key>D3A0A9431ACB29F70033E195</key>
		<dict>
			<key>fileEncoding</key>
			<string>4</string>
			<key>isa</key>
			<string>PBXFileReference</string>
			<key>lastKnownFileType</key>
			<string>sourcecode.c.objc</string>
			<key>path</key>
			<string>PDVAppListViewController.m</string>
			<key>sourceTree</key>
			<string>&lt;group&gt;</string>
		</dict>
		<key>D3A0A9441ACB29F70033E195</key>
		<dict>
			<key>fileRef</key>
			<string>D3A0A9431ACB29F70033E195</string>
			<key>isa</key>
			<string>PBXBuildFile</string>
		</dict>
		<key>D3A0A9451ACB30A80033E195</key>
		<dict>
			<key>children</key>
			<array>
				<string>D3A0A9461ACB30CD0033E195</string>
				<string>D34C275D1ACC4BD8004F741E</string>
			</array>
			<key>isa</key>
			<string>PBXGroup</string>
			<key>name</key>
			<string>Protocols</string>
			<key>sourceTree</key>
			<string>&lt;group&gt;</string>
		</dict>
		<key>D3A0A9461ACB30CD0033E195</key>
		<dict>
			<key>isa</key>
			<string>PBXFileReference</string>
			<key>lastKnownFileType</key>
			<string>sourcecode.c.h</string>
			<key>path</key>
			<string>PDVAppListView.h</string>
			<key>sourceTree</key>
			<string>&lt;group&gt;</string>
		</dict>
		<key>D3B8A5621AD5F37000042691</key>
		<dict>
			<key>isa</key>
			<string>PBXFileReference</string>
			<key>lastKnownFileType</key>
			<string>sourcecode.c.h</string>
			<key>path</key>
			<string>PDVDataManager+Testing.h</string>
			<key>sourceTree</key>
			<string>&lt;group&gt;</string>
		</dict>
		<key>D3B8A5631AD6014D00042691</key>
		<dict>
			<key>fileEncoding</key>
			<string>4</string>
			<key>isa</key>
			<string>PBXFileReference</string>
			<key>lastKnownFileType</key>
			<string>sourcecode.c.h</string>
			<key>path</key>
			<string>PDVClassDetailViewController.h</string>
			<key>sourceTree</key>
			<string>&lt;group&gt;</string>
		</dict>
		<key>D3B8A5641AD6014D00042691</key>
		<dict>
			<key>fileEncoding</key>
			<string>4</string>
			<key>isa</key>
			<string>PBXFileReference</string>
			<key>lastKnownFileType</key>
			<string>sourcecode.c.objc</string>
			<key>path</key>
			<string>PDVClassDetailViewController.m</string>
			<key>sourceTree</key>
			<string>&lt;group&gt;</string>
		</dict>
		<key>D3B8A5651AD6014D00042691</key>
		<dict>
			<key>fileRef</key>
			<string>D3B8A5641AD6014D00042691</string>
			<key>isa</key>
			<string>PBXBuildFile</string>
		</dict>
		<key>D3B8A5661AD601AD00042691</key>
		<dict>
			<key>children</key>
			<array>
				<string>D3B8A5671AD601BE00042691</string>
				<string>D3B8A56B1AD6082E00042691</string>
			</array>
			<key>isa</key>
			<string>PBXGroup</string>
			<key>name</key>
			<string>Protocols</string>
			<key>sourceTree</key>
			<string>&lt;group&gt;</string>
		</dict>
		<key>D3B8A5671AD601BE00042691</key>
		<dict>
			<key>isa</key>
			<string>PBXFileReference</string>
			<key>lastKnownFileType</key>
			<string>sourcecode.c.h</string>
			<key>path</key>
			<string>PDVClassDetailView.h</string>
			<key>sourceTree</key>
			<string>&lt;group&gt;</string>
		</dict>
		<key>D3B8A5681AD6066700042691</key>
		<dict>
			<key>fileEncoding</key>
			<string>4</string>
			<key>isa</key>
			<string>PBXFileReference</string>
			<key>lastKnownFileType</key>
			<string>sourcecode.c.h</string>
			<key>path</key>
			<string>PDVClassDetailPresenter.h</string>
			<key>sourceTree</key>
			<string>&lt;group&gt;</string>
		</dict>
		<key>D3B8A5691AD6066700042691</key>
		<dict>
			<key>fileEncoding</key>
			<string>4</string>
			<key>isa</key>
			<string>PBXFileReference</string>
			<key>lastKnownFileType</key>
			<string>sourcecode.c.objc</string>
			<key>path</key>
			<string>PDVClassDetailPresenter.m</string>
			<key>sourceTree</key>
			<string>&lt;group&gt;</string>
		</dict>
		<key>D3B8A56A1AD6066700042691</key>
		<dict>
			<key>fileRef</key>
			<string>D3B8A5691AD6066700042691</string>
			<key>isa</key>
			<string>PBXBuildFile</string>
		</dict>
		<key>D3B8A56B1AD6082E00042691</key>
		<dict>
			<key>isa</key>
			<string>PBXFileReference</string>
			<key>lastKnownFileType</key>
			<string>sourcecode.c.h</string>
			<key>path</key>
			<string>PDVClassDetailInteractorIO.h</string>
			<key>sourceTree</key>
			<string>&lt;group&gt;</string>
		</dict>
		<key>D3B8A56C1AD6094100042691</key>
		<dict>
			<key>fileEncoding</key>
			<string>4</string>
			<key>isa</key>
			<string>PBXFileReference</string>
			<key>lastKnownFileType</key>
			<string>sourcecode.c.h</string>
			<key>path</key>
			<string>PDVClassDetailInteractor.h</string>
			<key>sourceTree</key>
			<string>&lt;group&gt;</string>
		</dict>
		<key>D3B8A56D1AD6094100042691</key>
		<dict>
			<key>fileEncoding</key>
			<string>4</string>
			<key>isa</key>
			<string>PBXFileReference</string>
			<key>lastKnownFileType</key>
			<string>sourcecode.c.objc</string>
			<key>path</key>
			<string>PDVClassDetailInteractor.m</string>
			<key>sourceTree</key>
			<string>&lt;group&gt;</string>
		</dict>
		<key>D3B8A56E1AD6094100042691</key>
		<dict>
			<key>fileRef</key>
			<string>D3B8A56D1AD6094100042691</string>
			<key>isa</key>
			<string>PBXBuildFile</string>
		</dict>
		<key>D983F0A8906C9FF0C4462242</key>
		<dict>
			<key>fileRef</key>
			<string>E8C7C3600DF18A49063460FC</string>
			<key>isa</key>
			<string>PBXBuildFile</string>
		</dict>
		<key>E298508A05EB27F9BE702232</key>
		<dict>
			<key>buildActionMask</key>
			<string>2147483647</string>
			<key>files</key>
			<array/>
			<key>inputPaths</key>
			<array/>
			<key>isa</key>
			<string>PBXShellScriptBuildPhase</string>
			<key>name</key>
			<string>Check Pods Manifest.lock</string>
			<key>outputPaths</key>
			<array/>
			<key>runOnlyForDeploymentPostprocessing</key>
			<string>0</string>
			<key>shellPath</key>
			<string>/bin/sh</string>
			<key>shellScript</key>
			<string>diff "${PODS_ROOT}/../Podfile.lock" "${PODS_ROOT}/Manifest.lock" &gt; /dev/null
if [[ $? != 0 ]] ; then
    cat &lt;&lt; EOM
error: The sandbox is not in sync with the Podfile.lock. Run 'pod install' or update your CocoaPods installation.
EOM
    exit 1
fi
</string>
			<key>showEnvVarsInLog</key>
			<string>0</string>
		</dict>
		<key>E8C7C3600DF18A49063460FC</key>
		<dict>
			<key>explicitFileType</key>
			<string>archive.ar</string>
			<key>includeInIndex</key>
			<string>0</string>
			<key>isa</key>
			<string>PBXFileReference</string>
			<key>path</key>
			<string>libPods-ParseDataViz-iOS.a</string>
			<key>sourceTree</key>
			<string>BUILT_PRODUCTS_DIR</string>
		</dict>
		<key>FDB80142CE0C8B5B84C209EF</key>
		<dict>
			<key>buildActionMask</key>
			<string>2147483647</string>
			<key>files</key>
			<array/>
			<key>inputPaths</key>
			<array/>
			<key>isa</key>
			<string>PBXShellScriptBuildPhase</string>
			<key>name</key>
			<string>Check Pods Manifest.lock</string>
			<key>outputPaths</key>
			<array/>
			<key>runOnlyForDeploymentPostprocessing</key>
			<string>0</string>
			<key>shellPath</key>
			<string>/bin/sh</string>
			<key>shellScript</key>
			<string>diff "${PODS_ROOT}/../Podfile.lock" "${PODS_ROOT}/Manifest.lock" &gt; /dev/null
if [[ $? != 0 ]] ; then
    cat &lt;&lt; EOM
error: The sandbox is not in sync with the Podfile.lock. Run 'pod install' or update your CocoaPods installation.
EOM
    exit 1
fi
</string>
			<key>showEnvVarsInLog</key>
			<string>0</string>
		</dict>
	</dict>
	<key>rootObject</key>
	<string>D3A0A9051ACB183C0033E195</string>
</dict>
</plist>
